
Microsoft Visual Studio Solution File, Format Version 12.00
# Visual Studio Version 16
VisualStudioVersion = 16.0.30907.101
MinimumVisualStudioVersion = 10.0.40219.1
Project("{FAE04EC0-301F-11D3-BF4B-00C04F79EFBC}") = "Telegram_bot", "Telegram_bot\Telegram_bot.csproj", "{139B28B3-6216-4C13-895E-F3F1DBD2A49C}"
EndProject
Global
	GlobalSection(SolutionConfigurationPlatforms) = preSolution
		Debug|Any CPU = Debug|Any CPU
		Release|Any CPU = Release|Any CPU
	EndGlobalSection
	GlobalSection(ProjectConfigurationPlatforms) = postSolution
		{139B28B3-6216-4C13-895E-F3F1DBD2A49C}.Debug|Any CPU.ActiveCfg = Debug|Any CPU
		{139B28B3-6216-4C13-895E-F3F1DBD2A49C}.Debug|Any CPU.Build.0 = Debug|Any CPU
		{139B28B3-6216-4C13-895E-F3F1DBD2A49C}.Release|Any CPU.ActiveCfg = Release|Any CPU
		{139B28B3-6216-4C13-895E-F3F1DBD2A49C}.Release|Any CPU.Build.0 = Release|Any CPU
	EndGlobalSection
	GlobalSection(SolutionProperties) = preSolution
		HideSolutionNode = FALSE
	EndGlobalSection
	GlobalSection(ExtensibilityGlobals) = postSolution
		SolutionGuid = {44FD1DBE-BE04-4019-AC06-B15365A1420C}
	EndGlobalSection
EndGlobal
